
Microsoft Visual Studio Solution File, Format Version 12.00
# Visual Studio 15
Project("{FAE04EC0-301F-11D3-BF4B-00C04F79EFBC}") = "Assembly-CSharp", "Assembly-CSharp.csproj", "{5C41C6BB-EB2E-FCA0-625D-4DE17B8A371B}"
EndProject
Project("{FAE04EC0-301F-11D3-BF4B-00C04F79EFBC}") = "Assembly-CSharp", "Assembly-CSharp.Player.csproj", "{BE39D947-616D-AF4B-1E3F-B002827139A3}"
EndProject
Global
	GlobalSection(SolutionConfigurationPlatforms) = preSolution
		Debug|Any CPU = Debug|Any CPU
		Release|Any CPU = Release|Any CPU
	EndGlobalSection
	GlobalSection(ProjectConfigurationPlatforms) = postSolution
		{5C41C6BB-EB2E-FCA0-625D-4DE17B8A371B}.Debug|Any CPU.ActiveCfg = Debug|Any CPU
		{5C41C6BB-EB2E-FCA0-625D-4DE17B8A371B}.Debug|Any CPU.Build.0 = Debug|Any CPU
		{5C41C6BB-EB2E-FCA0-625D-4DE17B8A371B}.Release|Any CPU.ActiveCfg = Release|Any CPU
		{5C41C6BB-EB2E-FCA0-625D-4DE17B8A371B}.Release|Any CPU.Build.0 = Release|Any CPU
		{BE39D947-616D-AF4B-1E3F-B002827139A3}.Debug|Any CPU.ActiveCfg = Debug|Any CPU
		{BE39D947-616D-AF4B-1E3F-B002827139A3}.Debug|Any CPU.Build.0 = Debug|Any CPU
		{BE39D947-616D-AF4B-1E3F-B002827139A3}.Release|Any CPU.ActiveCfg = Release|Any CPU
		{BE39D947-616D-AF4B-1E3F-B002827139A3}.Release|Any CPU.Build.0 = Release|Any CPU
	EndGlobalSection
	GlobalSection(SolutionProperties) = preSolution
		HideSolutionNode = FALSE
	EndGlobalSection
EndGlobal
